
Microsoft Visual Studio Solution File, Format Version 12.00
# Visual Studio Version 17
VisualStudioVersion = 17.2.32616.157
MinimumVisualStudioVersion = 10.0.40219.1
Project("{FAE04EC0-301F-11D3-BF4B-00C04F79EFBC}") = "FirstStream", "FirstStream\FirstStream.csproj", "{11B62385-E9C6-4459-8A08-7CC16646A5A2}"
EndProject
Project("{FAE04EC0-301F-11D3-BF4B-00C04F79EFBC}") = "SecondStream", "SecondStream\SecondStream.csproj", "{CFA7B219-5676-4274-88B2-6FDDC162DBCE}"
EndProject
Project("{FAE04EC0-301F-11D3-BF4B-00C04F79EFBC}") = "ThirdStream", "ThirdStream\ThirdStream.csproj", "{EE21EFED-4431-4CE2-B69D-FE94EE148309}"
EndProject
Project("{FAE04EC0-301F-11D3-BF4B-00C04F79EFBC}") = "FourthStream", "FourthStream\FourthStream.csproj", "{82151D6C-DB40-4E52-A4C5-9C44F3D98985}"
EndProject
Project("{FAE04EC0-301F-11D3-BF4B-00C04F79EFBC}") = "FifthStream", "FifthStream\FifthStream.csproj", "{BE1616A9-F5D9-48E7-98A0-5F482726D545}"
EndProject
Global
	GlobalSection(SolutionConfigurationPlatforms) = preSolution
		Debug|Any CPU = Debug|Any CPU
		Release|Any CPU = Release|Any CPU
	EndGlobalSection
	GlobalSection(ProjectConfigurationPlatforms) = postSolution
		{11B62385-E9C6-4459-8A08-7CC16646A5A2}.Debug|Any CPU.ActiveCfg = Debug|Any CPU
		{11B62385-E9C6-4459-8A08-7CC16646A5A2}.Debug|Any CPU.Build.0 = Debug|Any CPU
		{11B62385-E9C6-4459-8A08-7CC16646A5A2}.Release|Any CPU.ActiveCfg = Release|Any CPU
		{11B62385-E9C6-4459-8A08-7CC16646A5A2}.Release|Any CPU.Build.0 = Release|Any CPU
		{CFA7B219-5676-4274-88B2-6FDDC162DBCE}.Debug|Any CPU.ActiveCfg = Debug|Any CPU
		{CFA7B219-5676-4274-88B2-6FDDC162DBCE}.Debug|Any CPU.Build.0 = Debug|Any CPU
		{CFA7B219-5676-4274-88B2-6FDDC162DBCE}.Release|Any CPU.ActiveCfg = Release|Any CPU
		{CFA7B219-5676-4274-88B2-6FDDC162DBCE}.Release|Any CPU.Build.0 = Release|Any CPU
		{EE21EFED-4431-4CE2-B69D-FE94EE148309}.Debug|Any CPU.ActiveCfg = Debug|Any CPU
		{EE21EFED-4431-4CE2-B69D-FE94EE148309}.Debug|Any CPU.Build.0 = Debug|Any CPU
		{EE21EFED-4431-4CE2-B69D-FE94EE148309}.Release|Any CPU.ActiveCfg = Release|Any CPU
		{EE21EFED-4431-4CE2-B69D-FE94EE148309}.Release|Any CPU.Build.0 = Release|Any CPU
		{82151D6C-DB40-4E52-A4C5-9C44F3D98985}.Debug|Any CPU.ActiveCfg = Debug|Any CPU
		{82151D6C-DB40-4E52-A4C5-9C44F3D98985}.Debug|Any CPU.Build.0 = Debug|Any CPU
		{82151D6C-DB40-4E52-A4C5-9C44F3D98985}.Release|Any CPU.ActiveCfg = Release|Any CPU
		{82151D6C-DB40-4E52-A4C5-9C44F3D98985}.Release|Any CPU.Build.0 = Release|Any CPU
		{BE1616A9-F5D9-48E7-98A0-5F482726D545}.Debug|Any CPU.ActiveCfg = Debug|Any CPU
		{BE1616A9-F5D9-48E7-98A0-5F482726D545}.Debug|Any CPU.Build.0 = Debug|Any CPU
		{BE1616A9-F5D9-48E7-98A0-5F482726D545}.Release|Any CPU.ActiveCfg = Release|Any CPU
		{BE1616A9-F5D9-48E7-98A0-5F482726D545}.Release|Any CPU.Build.0 = Release|Any CPU
	EndGlobalSection
	GlobalSection(SolutionProperties) = preSolution
		HideSolutionNode = FALSE
	EndGlobalSection
	GlobalSection(ExtensibilityGlobals) = postSolution
		SolutionGuid = {B32DED8C-AAF5-44AD-8119-88E8D75C8E8D}
	EndGlobalSection
EndGlobal
